
Microsoft Visual Studio Solution File, Format Version 12.00
# Visual Studio Version 16
VisualStudioVersion = 16.0.810.17
MinimumVisualStudioVersion = 10.0.40219.1
Project("{FAE04EC0-301F-11D3-BF4B-00C04F79EFBC}") = "StaticExercise", "StaticExercise\StaticExercise.csproj", "{D26D2036-7EDC-4CF7-8009-66A453502068}"
EndProject
Global
	GlobalSection(SolutionConfigurationPlatforms) = preSolution
		Debug|Any CPU = Debug|Any CPU
		Release|Any CPU = Release|Any CPU
	EndGlobalSection
	GlobalSection(ProjectConfigurationPlatforms) = postSolution
		{D26D2036-7EDC-4CF7-8009-66A453502068}.Debug|Any CPU.ActiveCfg = Debug|Any CPU
		{D26D2036-7EDC-4CF7-8009-66A453502068}.Debug|Any CPU.Build.0 = Debug|Any CPU
		{D26D2036-7EDC-4CF7-8009-66A453502068}.Release|Any CPU.ActiveCfg = Release|Any CPU
		{D26D2036-7EDC-4CF7-8009-66A453502068}.Release|Any CPU.Build.0 = Release|Any CPU
	EndGlobalSection
	GlobalSection(SolutionProperties) = preSolution
		HideSolutionNode = FALSE
	EndGlobalSection
	GlobalSection(ExtensibilityGlobals) = postSolution
		SolutionGuid = {07B7283A-5290-4FF7-830A-CC8E1833BADF}
	EndGlobalSection
EndGlobal
